
Microsoft Visual Studio Solution File, Format Version 12.00
# Visual Studio 14
VisualStudioVersion = 14.0.25420.1
MinimumVisualStudioVersion = 10.0.40219.1
Project("{FAE04EC0-301F-11D3-BF4B-00C04F79EFBC}") = "RummiServer", "RummiServer\RummiServer.csproj", "{7FE27DFE-FB29-49E6-9F1F-50A7AC1F52BA}"
EndProject
Project("{FAE04EC0-301F-11D3-BF4B-00C04F79EFBC}") = "Mongo", "..\..\Library\Mongo\Mongo.csproj", "{6231BED9-BEE4-4C4B-9A54-9A77F42D48B4}"
EndProject
Project("{FAE04EC0-301F-11D3-BF4B-00C04F79EFBC}") = "MySqlWrap", "..\..\Library\MySqlWrap\MySqlWrap.csproj", "{725285AA-C08C-49CE-825D-F9EC7DD4354E}"
EndProject
Project("{FAE04EC0-301F-11D3-BF4B-00C04F79EFBC}") = "Rabbit", "..\..\Library\Rabbit\Rabbit.csproj", "{3EB865A8-4AEE-4720-BA27-B3C7CA76A183}"
EndProject
Global
	GlobalSection(SolutionConfigurationPlatforms) = preSolution
		Bears|Any CPU = Bears|Any CPU
		Bears|x86 = Bears|x86
		Bulls|Any CPU = Bulls|Any CPU
		Bulls|x86 = Bulls|x86
		CorrectionParser|Any CPU = CorrectionParser|Any CPU
		CorrectionParser|x86 = CorrectionParser|x86
		Cyber|Any CPU = Cyber|Any CPU
		Cyber|x86 = Cyber|x86
		Debug|Any CPU = Debug|Any CPU
		Debug|x86 = Debug|x86
		DebugToto15|Any CPU = DebugToto15|Any CPU
		DebugToto15|x86 = DebugToto15|x86
		DebugTotoCF|Any CPU = DebugTotoCF|Any CPU
		DebugTotoCF|x86 = DebugTotoCF|x86
		GRCash|Any CPU = GRCash|Any CPU
		GRCash|x86 = GRCash|x86
		ProdTelegram|Any CPU = ProdTelegram|Any CPU
		ProdTelegram|x86 = ProdTelegram|x86
		ProdWeb|Any CPU = ProdWeb|Any CPU
		ProdWeb|x86 = ProdWeb|x86
		Release|Any CPU = Release|Any CPU
		Release|x86 = Release|x86
		ReleaseD|Any CPU = ReleaseD|Any CPU
		ReleaseD|x86 = ReleaseD|x86
		ReleaseL|Any CPU = ReleaseL|Any CPU
		ReleaseL|x86 = ReleaseL|x86
		ReleaseToto15|Any CPU = ReleaseToto15|Any CPU
		ReleaseToto15|x86 = ReleaseToto15|x86
		ReleaseTotoCF|Any CPU = ReleaseTotoCF|Any CPU
		ReleaseTotoCF|x86 = ReleaseTotoCF|x86
		SharedRead|Any CPU = SharedRead|Any CPU
		SharedRead|x86 = SharedRead|x86
		SuperLotto|Any CPU = SuperLotto|Any CPU
		SuperLotto|x86 = SuperLotto|x86
		Test|Any CPU = Test|Any CPU
		Test|x86 = Test|x86
		TestProd|Any CPU = TestProd|Any CPU
		TestProd|x86 = TestProd|x86
		TestTelegram|Any CPU = TestTelegram|Any CPU
		TestTelegram|x86 = TestTelegram|x86
		TestWeb|Any CPU = TestWeb|Any CPU
		TestWeb|x86 = TestWeb|x86
		VivaroSlots|Any CPU = VivaroSlots|Any CPU
		VivaroSlots|x86 = VivaroSlots|x86
		Zero|Any CPU = Zero|Any CPU
		Zero|x86 = Zero|x86
	EndGlobalSection
	GlobalSection(ProjectConfigurationPlatforms) = postSolution
		{7FE27DFE-FB29-49E6-9F1F-50A7AC1F52BA}.Bears|Any CPU.ActiveCfg = Release|Any CPU
		{7FE27DFE-FB29-49E6-9F1F-50A7AC1F52BA}.Bears|Any CPU.Build.0 = Release|Any CPU
		{7FE27DFE-FB29-49E6-9F1F-50A7AC1F52BA}.Bears|x86.ActiveCfg = Release|Any CPU
		{7FE27DFE-FB29-49E6-9F1F-50A7AC1F52BA}.Bears|x86.Build.0 = Release|Any CPU
		{7FE27DFE-FB29-49E6-9F1F-50A7AC1F52BA}.Bulls|Any CPU.ActiveCfg = Release|Any CPU
		{7FE27DFE-FB29-49E6-9F1F-50A7AC1F52BA}.Bulls|Any CPU.Build.0 = Release|Any CPU
		{7FE27DFE-FB29-49E6-9F1F-50A7AC1F52BA}.Bulls|x86.ActiveCfg = Release|Any CPU
		{7FE27DFE-FB29-49E6-9F1F-50A7AC1F52BA}.Bulls|x86.Build.0 = Release|Any CPU
		{7FE27DFE-FB29-49E6-9F1F-50A7AC1F52BA}.CorrectionParser|Any CPU.ActiveCfg = Release|Any CPU
		{7FE27DFE-FB29-49E6-9F1F-50A7AC1F52BA}.CorrectionParser|Any CPU.Build.0 = Release|Any CPU
		{7FE27DFE-FB29-49E6-9F1F-50A7AC1F52BA}.CorrectionParser|x86.ActiveCfg = Release|Any CPU
		{7FE27DFE-FB29-49E6-9F1F-50A7AC1F52BA}.CorrectionParser|x86.Build.0 = Release|Any CPU
		{7FE27DFE-FB29-49E6-9F1F-50A7AC1F52BA}.Cyber|Any CPU.ActiveCfg = Release|Any CPU
		{7FE27DFE-FB29-49E6-9F1F-50A7AC1F52BA}.Cyber|Any CPU.Build.0 = Release|Any CPU
		{7FE27DFE-FB29-49E6-9F1F-50A7AC1F52BA}.Cyber|x86.ActiveCfg = Release|Any CPU
		{7FE27DFE-FB29-49E6-9F1F-50A7AC1F52BA}.Cyber|x86.Build.0 = Release|Any CPU
		{7FE27DFE-FB29-49E6-9F1F-50A7AC1F52BA}.Debug|Any CPU.ActiveCfg = Debug|Any CPU
		{7FE27DFE-FB29-49E6-9F1F-50A7AC1F52BA}.Debug|Any CPU.Build.0 = Debug|Any CPU
		{7FE27DFE-FB29-49E6-9F1F-50A7AC1F52BA}.Debug|x86.ActiveCfg = Debug|Any CPU
		{7FE27DFE-FB29-49E6-9F1F-50A7AC1F52BA}.Debug|x86.Build.0 = Debug|Any CPU
		{7FE27DFE-FB29-49E6-9F1F-50A7AC1F52BA}.DebugToto15|Any CPU.ActiveCfg = Debug|Any CPU
		{7FE27DFE-FB29-49E6-9F1F-50A7AC1F52BA}.DebugToto15|Any CPU.Build.0 = Debug|Any CPU
		{7FE27DFE-FB29-49E6-9F1F-50A7AC1F52BA}.DebugToto15|x86.ActiveCfg = Debug|Any CPU
		{7FE27DFE-FB29-49E6-9F1F-50A7AC1F52BA}.DebugToto15|x86.Build.0 = Debug|Any CPU
		{7FE27DFE-FB29-49E6-9F1F-50A7AC1F52BA}.DebugTotoCF|Any CPU.ActiveCfg = Debug|Any CPU
		{7FE27DFE-FB29-49E6-9F1F-50A7AC1F52BA}.DebugTotoCF|Any CPU.Build.0 = Debug|Any CPU
		{7FE27DFE-FB29-49E6-9F1F-50A7AC1F52BA}.DebugTotoCF|x86.ActiveCfg = Debug|Any CPU
		{7FE27DFE-FB29-49E6-9F1F-50A7AC1F52BA}.DebugTotoCF|x86.Build.0 = Debug|Any CPU
		{7FE27DFE-FB29-49E6-9F1F-50A7AC1F52BA}.GRCash|Any CPU.ActiveCfg = Release|Any CPU
		{7FE27DFE-FB29-49E6-9F1F-50A7AC1F52BA}.GRCash|Any CPU.Build.0 = Release|Any CPU
		{7FE27DFE-FB29-49E6-9F1F-50A7AC1F52BA}.GRCash|x86.ActiveCfg = Release|Any CPU
		{7FE27DFE-FB29-49E6-9F1F-50A7AC1F52BA}.GRCash|x86.Build.0 = Release|Any CPU
		{7FE27DFE-FB29-49E6-9F1F-50A7AC1F52BA}.ProdTelegram|Any CPU.ActiveCfg = Release|Any CPU
		{7FE27DFE-FB29-49E6-9F1F-50A7AC1F52BA}.ProdTelegram|Any CPU.Build.0 = Release|Any CPU
		{7FE27DFE-FB29-49E6-9F1F-50A7AC1F52BA}.ProdTelegram|x86.ActiveCfg = Release|Any CPU
		{7FE27DFE-FB29-49E6-9F1F-50A7AC1F52BA}.ProdTelegram|x86.Build.0 = Release|Any CPU
		{7FE27DFE-FB29-49E6-9F1F-50A7AC1F52BA}.ProdWeb|Any CPU.ActiveCfg = Release|Any CPU
		{7FE27DFE-FB29-49E6-9F1F-50A7AC1F52BA}.ProdWeb|Any CPU.Build.0 = Release|Any CPU
		{7FE27DFE-FB29-49E6-9F1F-50A7AC1F52BA}.ProdWeb|x86.ActiveCfg = Release|Any CPU
		{7FE27DFE-FB29-49E6-9F1F-50A7AC1F52BA}.ProdWeb|x86.Build.0 = Release|Any CPU
		{7FE27DFE-FB29-49E6-9F1F-50A7AC1F52BA}.Release|Any CPU.ActiveCfg = Release|Any CPU
		{7FE27DFE-FB29-49E6-9F1F-50A7AC1F52BA}.Release|Any CPU.Build.0 = Release|Any CPU
		{7FE27DFE-FB29-49E6-9F1F-50A7AC1F52BA}.Release|x86.ActiveCfg = Release|Any CPU
		{7FE27DFE-FB29-49E6-9F1F-50A7AC1F52BA}.Release|x86.Build.0 = Release|Any CPU
		{7FE27DFE-FB29-49E6-9F1F-50A7AC1F52BA}.ReleaseD|Any CPU.ActiveCfg = Release|Any CPU
		{7FE27DFE-FB29-49E6-9F1F-50A7AC1F52BA}.ReleaseD|Any CPU.Build.0 = Release|Any CPU
		{7FE27DFE-FB29-49E6-9F1F-50A7AC1F52BA}.ReleaseD|x86.ActiveCfg = Release|Any CPU
		{7FE27DFE-FB29-49E6-9F1F-50A7AC1F52BA}.ReleaseD|x86.Build.0 = Release|Any CPU
		{7FE27DFE-FB29-49E6-9F1F-50A7AC1F52BA}.ReleaseL|Any CPU.ActiveCfg = Release|Any CPU
		{7FE27DFE-FB29-49E6-9F1F-50A7AC1F52BA}.ReleaseL|Any CPU.Build.0 = Release|Any CPU
		{7FE27DFE-FB29-49E6-9F1F-50A7AC1F52BA}.ReleaseL|x86.ActiveCfg = Release|Any CPU
		{7FE27DFE-FB29-49E6-9F1F-50A7AC1F52BA}.ReleaseL|x86.Build.0 = Release|Any CPU
		{7FE27DFE-FB29-49E6-9F1F-50A7AC1F52BA}.ReleaseToto15|Any CPU.ActiveCfg = Release|Any CPU
		{7FE27DFE-FB29-49E6-9F1F-50A7AC1F52BA}.ReleaseToto15|Any CPU.Build.0 = Release|Any CPU
		{7FE27DFE-FB29-49E6-9F1F-50A7AC1F52BA}.ReleaseToto15|x86.ActiveCfg = Release|Any CPU
		{7FE27DFE-FB29-49E6-9F1F-50A7AC1F52BA}.ReleaseToto15|x86.Build.0 = Release|Any CPU
		{7FE27DFE-FB29-49E6-9F1F-50A7AC1F52BA}.ReleaseTotoCF|Any CPU.ActiveCfg = Release|Any CPU
		{7FE27DFE-FB29-49E6-9F1F-50A7AC1F52BA}.ReleaseTotoCF|Any CPU.Build.0 = Release|Any CPU
		{7FE27DFE-FB29-49E6-9F1F-50A7AC1F52BA}.ReleaseTotoCF|x86.ActiveCfg = Release|Any CPU
		{7FE27DFE-FB29-49E6-9F1F-50A7AC1F52BA}.ReleaseTotoCF|x86.Build.0 = Release|Any CPU
		{7FE27DFE-FB29-49E6-9F1F-50A7AC1F52BA}.SharedRead|Any CPU.ActiveCfg = Release|Any CPU
		{7FE27DFE-FB29-49E6-9F1F-50A7AC1F52BA}.SharedRead|Any CPU.Build.0 = Release|Any CPU
		{7FE27DFE-FB29-49E6-9F1F-50A7AC1F52BA}.SharedRead|x86.ActiveCfg = Release|Any CPU
		{7FE27DFE-FB29-49E6-9F1F-50A7AC1F52BA}.SharedRead|x86.Build.0 = Release|Any CPU
		{7FE27DFE-FB29-49E6-9F1F-50A7AC1F52BA}.SuperLotto|Any CPU.ActiveCfg = Release|Any CPU
		{7FE27DFE-FB29-49E6-9F1F-50A7AC1F52BA}.SuperLotto|Any CPU.Build.0 = Release|Any CPU
		{7FE27DFE-FB29-49E6-9F1F-50A7AC1F52BA}.SuperLotto|x86.ActiveCfg = Release|Any CPU
		{7FE27DFE-FB29-49E6-9F1F-50A7AC1F52BA}.SuperLotto|x86.Build.0 = Release|Any CPU
		{7FE27DFE-FB29-49E6-9F1F-50A7AC1F52BA}.Test|Any CPU.ActiveCfg = Release|Any CPU
		{7FE27DFE-FB29-49E6-9F1F-50A7AC1F52BA}.Test|Any CPU.Build.0 = Release|Any CPU
		{7FE27DFE-FB29-49E6-9F1F-50A7AC1F52BA}.Test|x86.ActiveCfg = Release|Any CPU
		{7FE27DFE-FB29-49E6-9F1F-50A7AC1F52BA}.Test|x86.Build.0 = Release|Any CPU
		{7FE27DFE-FB29-49E6-9F1F-50A7AC1F52BA}.TestProd|Any CPU.ActiveCfg = Release|Any CPU
		{7FE27DFE-FB29-49E6-9F1F-50A7AC1F52BA}.TestProd|Any CPU.Build.0 = Release|Any CPU
		{7FE27DFE-FB29-49E6-9F1F-50A7AC1F52BA}.TestProd|x86.ActiveCfg = Release|Any CPU
		{7FE27DFE-FB29-49E6-9F1F-50A7AC1F52BA}.TestProd|x86.Build.0 = Release|Any CPU
		{7FE27DFE-FB29-49E6-9F1F-50A7AC1F52BA}.TestTelegram|Any CPU.ActiveCfg = Release|Any CPU
		{7FE27DFE-FB29-49E6-9F1F-50A7AC1F52BA}.TestTelegram|Any CPU.Build.0 = Release|Any CPU
		{7FE27DFE-FB29-49E6-9F1F-50A7AC1F52BA}.TestTelegram|x86.ActiveCfg = Release|Any CPU
		{7FE27DFE-FB29-49E6-9F1F-50A7AC1F52BA}.TestTelegram|x86.Build.0 = Release|Any CPU
		{7FE27DFE-FB29-49E6-9F1F-50A7AC1F52BA}.TestWeb|Any CPU.ActiveCfg = Release|Any CPU
		{7FE27DFE-FB29-49E6-9F1F-50A7AC1F52BA}.TestWeb|Any CPU.Build.0 = Release|Any CPU
		{7FE27DFE-FB29-49E6-9F1F-50A7AC1F52BA}.TestWeb|x86.ActiveCfg = Release|Any CPU
		{7FE27DFE-FB29-49E6-9F1F-50A7AC1F52BA}.TestWeb|x86.Build.0 = Release|Any CPU
		{7FE27DFE-FB29-49E6-9F1F-50A7AC1F52BA}.VivaroSlots|Any CPU.ActiveCfg = Release|Any CPU
		{7FE27DFE-FB29-49E6-9F1F-50A7AC1F52BA}.VivaroSlots|Any CPU.Build.0 = Release|Any CPU
		{7FE27DFE-FB29-49E6-9F1F-50A7AC1F52BA}.VivaroSlots|x86.ActiveCfg = Release|Any CPU
		{7FE27DFE-FB29-49E6-9F1F-50A7AC1F52BA}.VivaroSlots|x86.Build.0 = Release|Any CPU
		{7FE27DFE-FB29-49E6-9F1F-50A7AC1F52BA}.Zero|Any CPU.ActiveCfg = Release|Any CPU
		{7FE27DFE-FB29-49E6-9F1F-50A7AC1F52BA}.Zero|Any CPU.Build.0 = Release|Any CPU
		{7FE27DFE-FB29-49E6-9F1F-50A7AC1F52BA}.Zero|x86.ActiveCfg = Release|Any CPU
		{7FE27DFE-FB29-49E6-9F1F-50A7AC1F52BA}.Zero|x86.Build.0 = Release|Any CPU
		{6231BED9-BEE4-4C4B-9A54-9A77F42D48B4}.Bears|Any CPU.ActiveCfg = Bears|Any CPU
		{6231BED9-BEE4-4C4B-9A54-9A77F42D48B4}.Bears|Any CPU.Build.0 = Bears|Any CPU
		{6231BED9-BEE4-4C4B-9A54-9A77F42D48B4}.Bears|x86.ActiveCfg = Bears|x86
		{6231BED9-BEE4-4C4B-9A54-9A77F42D48B4}.Bears|x86.Build.0 = Bears|x86
		{6231BED9-BEE4-4C4B-9A54-9A77F42D48B4}.Bulls|Any CPU.ActiveCfg = Bulls|Any CPU
		{6231BED9-BEE4-4C4B-9A54-9A77F42D48B4}.Bulls|Any CPU.Build.0 = Bulls|Any CPU
		{6231BED9-BEE4-4C4B-9A54-9A77F42D48B4}.Bulls|x86.ActiveCfg = Bulls|x86
		{6231BED9-BEE4-4C4B-9A54-9A77F42D48B4}.Bulls|x86.Build.0 = Bulls|x86
		{6231BED9-BEE4-4C4B-9A54-9A77F42D48B4}.CorrectionParser|Any CPU.ActiveCfg = CorrectionParser|Any CPU
		{6231BED9-BEE4-4C4B-9A54-9A77F42D48B4}.CorrectionParser|Any CPU.Build.0 = CorrectionParser|Any CPU
		{6231BED9-BEE4-4C4B-9A54-9A77F42D48B4}.CorrectionParser|x86.ActiveCfg = CorrectionParser|x86
		{6231BED9-BEE4-4C4B-9A54-9A77F42D48B4}.CorrectionParser|x86.Build.0 = CorrectionParser|x86
		{6231BED9-BEE4-4C4B-9A54-9A77F42D48B4}.Cyber|Any CPU.ActiveCfg = Cyber|Any CPU
		{6231BED9-BEE4-4C4B-9A54-9A77F42D48B4}.Cyber|Any CPU.Build.0 = Cyber|Any CPU
		{6231BED9-BEE4-4C4B-9A54-9A77F42D48B4}.Cyber|x86.ActiveCfg = Cyber|x86
		{6231BED9-BEE4-4C4B-9A54-9A77F42D48B4}.Cyber|x86.Build.0 = Cyber|x86
		{6231BED9-BEE4-4C4B-9A54-9A77F42D48B4}.Debug|Any CPU.ActiveCfg = Debug|Any CPU
		{6231BED9-BEE4-4C4B-9A54-9A77F42D48B4}.Debug|Any CPU.Build.0 = Debug|Any CPU
		{6231BED9-BEE4-4C4B-9A54-9A77F42D48B4}.Debug|x86.ActiveCfg = Debug|x86
		{6231BED9-BEE4-4C4B-9A54-9A77F42D48B4}.Debug|x86.Build.0 = Debug|x86
		{6231BED9-BEE4-4C4B-9A54-9A77F42D48B4}.DebugToto15|Any CPU.ActiveCfg = DebugToto15|Any CPU
		{6231BED9-BEE4-4C4B-9A54-9A77F42D48B4}.DebugToto15|Any CPU.Build.0 = DebugToto15|Any CPU
		{6231BED9-BEE4-4C4B-9A54-9A77F42D48B4}.DebugToto15|x86.ActiveCfg = DebugToto15|x86
		{6231BED9-BEE4-4C4B-9A54-9A77F42D48B4}.DebugToto15|x86.Build.0 = DebugToto15|x86
		{6231BED9-BEE4-4C4B-9A54-9A77F42D48B4}.DebugTotoCF|Any CPU.ActiveCfg = DebugTotoCF|Any CPU
		{6231BED9-BEE4-4C4B-9A54-9A77F42D48B4}.DebugTotoCF|Any CPU.Build.0 = DebugTotoCF|Any CPU
		{6231BED9-BEE4-4C4B-9A54-9A77F42D48B4}.DebugTotoCF|x86.ActiveCfg = DebugTotoCF|x86
		{6231BED9-BEE4-4C4B-9A54-9A77F42D48B4}.DebugTotoCF|x86.Build.0 = DebugTotoCF|x86
		{6231BED9-BEE4-4C4B-9A54-9A77F42D48B4}.GRCash|Any CPU.ActiveCfg = GRCash|Any CPU
		{6231BED9-BEE4-4C4B-9A54-9A77F42D48B4}.GRCash|Any CPU.Build.0 = GRCash|Any CPU
		{6231BED9-BEE4-4C4B-9A54-9A77F42D48B4}.GRCash|x86.ActiveCfg = GRCash|x86
		{6231BED9-BEE4-4C4B-9A54-9A77F42D48B4}.GRCash|x86.Build.0 = GRCash|x86
		{6231BED9-BEE4-4C4B-9A54-9A77F42D48B4}.ProdTelegram|Any CPU.ActiveCfg = ProdTelegram|Any CPU
		{6231BED9-BEE4-4C4B-9A54-9A77F42D48B4}.ProdTelegram|Any CPU.Build.0 = ProdTelegram|Any CPU
		{6231BED9-BEE4-4C4B-9A54-9A77F42D48B4}.ProdTelegram|x86.ActiveCfg = ProdTelegram|x86
		{6231BED9-BEE4-4C4B-9A54-9A77F42D48B4}.ProdTelegram|x86.Build.0 = ProdTelegram|x86
		{6231BED9-BEE4-4C4B-9A54-9A77F42D48B4}.ProdWeb|Any CPU.ActiveCfg = ProdWeb|Any CPU
		{6231BED9-BEE4-4C4B-9A54-9A77F42D48B4}.ProdWeb|Any CPU.Build.0 = ProdWeb|Any CPU
		{6231BED9-BEE4-4C4B-9A54-9A77F42D48B4}.ProdWeb|x86.ActiveCfg = ProdWeb|x86
		{6231BED9-BEE4-4C4B-9A54-9A77F42D48B4}.ProdWeb|x86.Build.0 = ProdWeb|x86
		{6231BED9-BEE4-4C4B-9A54-9A77F42D48B4}.Release|Any CPU.ActiveCfg = Release|Any CPU
		{6231BED9-BEE4-4C4B-9A54-9A77F42D48B4}.Release|Any CPU.Build.0 = Release|Any CPU
		{6231BED9-BEE4-4C4B-9A54-9A77F42D48B4}.Release|x86.ActiveCfg = Release|x86
		{6231BED9-BEE4-4C4B-9A54-9A77F42D48B4}.Release|x86.Build.0 = Release|x86
		{6231BED9-BEE4-4C4B-9A54-9A77F42D48B4}.ReleaseD|Any CPU.ActiveCfg = ReleaseTotoCF|Any CPU
		{6231BED9-BEE4-4C4B-9A54-9A77F42D48B4}.ReleaseD|Any CPU.Build.0 = ReleaseTotoCF|Any CPU
		{6231BED9-BEE4-4C4B-9A54-9A77F42D48B4}.ReleaseD|x86.ActiveCfg = ReleaseTotoCF|x86
		{6231BED9-BEE4-4C4B-9A54-9A77F42D48B4}.ReleaseD|x86.Build.0 = ReleaseTotoCF|x86
		{6231BED9-BEE4-4C4B-9A54-9A77F42D48B4}.ReleaseL|Any CPU.ActiveCfg = ReleaseTotoCF|Any CPU
		{6231BED9-BEE4-4C4B-9A54-9A77F42D48B4}.ReleaseL|Any CPU.Build.0 = ReleaseTotoCF|Any CPU
		{6231BED9-BEE4-4C4B-9A54-9A77F42D48B4}.ReleaseL|x86.ActiveCfg = ReleaseTotoCF|x86
		{6231BED9-BEE4-4C4B-9A54-9A77F42D48B4}.ReleaseL|x86.Build.0 = ReleaseTotoCF|x86
		{6231BED9-BEE4-4C4B-9A54-9A77F42D48B4}.ReleaseToto15|Any CPU.ActiveCfg = ReleaseToto15|Any CPU
		{6231BED9-BEE4-4C4B-9A54-9A77F42D48B4}.ReleaseToto15|Any CPU.Build.0 = ReleaseToto15|Any CPU
		{6231BED9-BEE4-4C4B-9A54-9A77F42D48B4}.ReleaseToto15|x86.ActiveCfg = ReleaseToto15|x86
		{6231BED9-BEE4-4C4B-9A54-9A77F42D48B4}.ReleaseToto15|x86.Build.0 = ReleaseToto15|x86
		{6231BED9-BEE4-4C4B-9A54-9A77F42D48B4}.ReleaseTotoCF|Any CPU.ActiveCfg = ReleaseTotoCF|Any CPU
		{6231BED9-BEE4-4C4B-9A54-9A77F42D48B4}.ReleaseTotoCF|Any CPU.Build.0 = ReleaseTotoCF|Any CPU
		{6231BED9-BEE4-4C4B-9A54-9A77F42D48B4}.ReleaseTotoCF|x86.ActiveCfg = ReleaseTotoCF|x86
		{6231BED9-BEE4-4C4B-9A54-9A77F42D48B4}.ReleaseTotoCF|x86.Build.0 = ReleaseTotoCF|x86
		{6231BED9-BEE4-4C4B-9A54-9A77F42D48B4}.SharedRead|Any CPU.ActiveCfg = SharedRead|Any CPU
		{6231BED9-BEE4-4C4B-9A54-9A77F42D48B4}.SharedRead|Any CPU.Build.0 = SharedRead|Any CPU
		{6231BED9-BEE4-4C4B-9A54-9A77F42D48B4}.SharedRead|x86.ActiveCfg = SharedRead|x86
		{6231BED9-BEE4-4C4B-9A54-9A77F42D48B4}.SharedRead|x86.Build.0 = SharedRead|x86
		{6231BED9-BEE4-4C4B-9A54-9A77F42D48B4}.SuperLotto|Any CPU.ActiveCfg = SuperLotto|Any CPU
		{6231BED9-BEE4-4C4B-9A54-9A77F42D48B4}.SuperLotto|Any CPU.Build.0 = SuperLotto|Any CPU
		{6231BED9-BEE4-4C4B-9A54-9A77F42D48B4}.SuperLotto|x86.ActiveCfg = SuperLotto|x86
		{6231BED9-BEE4-4C4B-9A54-9A77F42D48B4}.SuperLotto|x86.Build.0 = SuperLotto|x86
		{6231BED9-BEE4-4C4B-9A54-9A77F42D48B4}.Test|Any CPU.ActiveCfg = Test|Any CPU
		{6231BED9-BEE4-4C4B-9A54-9A77F42D48B4}.Test|Any CPU.Build.0 = Test|Any CPU
		{6231BED9-BEE4-4C4B-9A54-9A77F42D48B4}.Test|x86.ActiveCfg = Test|x86
		{6231BED9-BEE4-4C4B-9A54-9A77F42D48B4}.Test|x86.Build.0 = Test|x86
		{6231BED9-BEE4-4C4B-9A54-9A77F42D48B4}.TestProd|Any CPU.ActiveCfg = TestProd|Any CPU
		{6231BED9-BEE4-4C4B-9A54-9A77F42D48B4}.TestProd|Any CPU.Build.0 = TestProd|Any CPU
		{6231BED9-BEE4-4C4B-9A54-9A77F42D48B4}.TestProd|x86.ActiveCfg = TestProd|x86
		{6231BED9-BEE4-4C4B-9A54-9A77F42D48B4}.TestProd|x86.Build.0 = TestProd|x86
		{6231BED9-BEE4-4C4B-9A54-9A77F42D48B4}.TestTelegram|Any CPU.ActiveCfg = TestTelegram|Any CPU
		{6231BED9-BEE4-4C4B-9A54-9A77F42D48B4}.TestTelegram|Any CPU.Build.0 = TestTelegram|Any CPU
		{6231BED9-BEE4-4C4B-9A54-9A77F42D48B4}.TestTelegram|x86.ActiveCfg = TestTelegram|x86
		{6231BED9-BEE4-4C4B-9A54-9A77F42D48B4}.TestTelegram|x86.Build.0 = TestTelegram|x86
		{6231BED9-BEE4-4C4B-9A54-9A77F42D48B4}.TestWeb|Any CPU.ActiveCfg = TestWeb|Any CPU
		{6231BED9-BEE4-4C4B-9A54-9A77F42D48B4}.TestWeb|Any CPU.Build.0 = TestWeb|Any CPU
		{6231BED9-BEE4-4C4B-9A54-9A77F42D48B4}.TestWeb|x86.ActiveCfg = TestWeb|x86
		{6231BED9-BEE4-4C4B-9A54-9A77F42D48B4}.TestWeb|x86.Build.0 = TestWeb|x86
		{6231BED9-BEE4-4C4B-9A54-9A77F42D48B4}.VivaroSlots|Any CPU.ActiveCfg = VivaroSlots|Any CPU
		{6231BED9-BEE4-4C4B-9A54-9A77F42D48B4}.VivaroSlots|Any CPU.Build.0 = VivaroSlots|Any CPU
		{6231BED9-BEE4-4C4B-9A54-9A77F42D48B4}.VivaroSlots|x86.ActiveCfg = VivaroSlots|x86
		{6231BED9-BEE4-4C4B-9A54-9A77F42D48B4}.VivaroSlots|x86.Build.0 = VivaroSlots|x86
		{6231BED9-BEE4-4C4B-9A54-9A77F42D48B4}.Zero|Any CPU.ActiveCfg = Zero|Any CPU
		{6231BED9-BEE4-4C4B-9A54-9A77F42D48B4}.Zero|Any CPU.Build.0 = Zero|Any CPU
		{6231BED9-BEE4-4C4B-9A54-9A77F42D48B4}.Zero|x86.ActiveCfg = Zero|x86
		{6231BED9-BEE4-4C4B-9A54-9A77F42D48B4}.Zero|x86.Build.0 = Zero|x86
		{725285AA-C08C-49CE-825D-F9EC7DD4354E}.Bears|Any CPU.ActiveCfg = Bears|Any CPU
		{725285AA-C08C-49CE-825D-F9EC7DD4354E}.Bears|Any CPU.Build.0 = Bears|Any CPU
		{725285AA-C08C-49CE-825D-F9EC7DD4354E}.Bears|x86.ActiveCfg = Bears|x86
		{725285AA-C08C-49CE-825D-F9EC7DD4354E}.Bears|x86.Build.0 = Bears|x86
		{725285AA-C08C-49CE-825D-F9EC7DD4354E}.Bulls|Any CPU.ActiveCfg = Bulls|Any CPU
		{725285AA-C08C-49CE-825D-F9EC7DD4354E}.Bulls|Any CPU.Build.0 = Bulls|Any CPU
		{725285AA-C08C-49CE-825D-F9EC7DD4354E}.Bulls|x86.ActiveCfg = Bulls|x86
		{725285AA-C08C-49CE-825D-F9EC7DD4354E}.Bulls|x86.Build.0 = Bulls|x86
		{725285AA-C08C-49CE-825D-F9EC7DD4354E}.CorrectionParser|Any CPU.ActiveCfg = CorrectionParser|Any CPU
		{725285AA-C08C-49CE-825D-F9EC7DD4354E}.CorrectionParser|Any CPU.Build.0 = CorrectionParser|Any CPU
		{725285AA-C08C-49CE-825D-F9EC7DD4354E}.CorrectionParser|x86.ActiveCfg = CorrectionParser|x86
		{725285AA-C08C-49CE-825D-F9EC7DD4354E}.CorrectionParser|x86.Build.0 = CorrectionParser|x86
		{725285AA-C08C-49CE-825D-F9EC7DD4354E}.Cyber|Any CPU.ActiveCfg = Cyber|Any CPU
		{725285AA-C08C-49CE-825D-F9EC7DD4354E}.Cyber|Any CPU.Build.0 = Cyber|Any CPU
		{725285AA-C08C-49CE-825D-F9EC7DD4354E}.Cyber|x86.ActiveCfg = Cyber|x86
		{725285AA-C08C-49CE-825D-F9EC7DD4354E}.Cyber|x86.Build.0 = Cyber|x86
		{725285AA-C08C-49CE-825D-F9EC7DD4354E}.Debug|Any CPU.ActiveCfg = Debug|Any CPU
		{725285AA-C08C-49CE-825D-F9EC7DD4354E}.Debug|Any CPU.Build.0 = Debug|Any CPU
		{725285AA-C08C-49CE-825D-F9EC7DD4354E}.Debug|x86.ActiveCfg = Debug|x86
		{725285AA-C08C-49CE-825D-F9EC7DD4354E}.Debug|x86.Build.0 = Debug|x86
		{725285AA-C08C-49CE-825D-F9EC7DD4354E}.DebugToto15|Any CPU.ActiveCfg = DebugToto15|Any CPU
		{725285AA-C08C-49CE-825D-F9EC7DD4354E}.DebugToto15|Any CPU.Build.0 = DebugToto15|Any CPU
		{725285AA-C08C-49CE-825D-F9EC7DD4354E}.DebugToto15|x86.ActiveCfg = DebugToto15|x86
		{725285AA-C08C-49CE-825D-F9EC7DD4354E}.DebugToto15|x86.Build.0 = DebugToto15|x86
		{725285AA-C08C-49CE-825D-F9EC7DD4354E}.DebugTotoCF|Any CPU.ActiveCfg = DebugTotoCF|Any CPU
		{725285AA-C08C-49CE-825D-F9EC7DD4354E}.DebugTotoCF|Any CPU.Build.0 = DebugTotoCF|Any CPU
		{725285AA-C08C-49CE-825D-F9EC7DD4354E}.DebugTotoCF|x86.ActiveCfg = DebugTotoCF|x86
		{725285AA-C08C-49CE-825D-F9EC7DD4354E}.DebugTotoCF|x86.Build.0 = DebugTotoCF|x86
		{725285AA-C08C-49CE-825D-F9EC7DD4354E}.GRCash|Any CPU.ActiveCfg = GRCash|Any CPU
		{725285AA-C08C-49CE-825D-F9EC7DD4354E}.GRCash|Any CPU.Build.0 = GRCash|Any CPU
		{725285AA-C08C-49CE-825D-F9EC7DD4354E}.GRCash|x86.ActiveCfg = GRCash|x86
		{725285AA-C08C-49CE-825D-F9EC7DD4354E}.GRCash|x86.Build.0 = GRCash|x86
		{725285AA-C08C-49CE-825D-F9EC7DD4354E}.ProdTelegram|Any CPU.ActiveCfg = ProdTelegram|Any CPU
		{725285AA-C08C-49CE-825D-F9EC7DD4354E}.ProdTelegram|Any CPU.Build.0 = ProdTelegram|Any CPU
		{725285AA-C08C-49CE-825D-F9EC7DD4354E}.ProdTelegram|x86.ActiveCfg = ProdTelegram|x86
		{725285AA-C08C-49CE-825D-F9EC7DD4354E}.ProdTelegram|x86.Build.0 = ProdTelegram|x86
		{725285AA-C08C-49CE-825D-F9EC7DD4354E}.ProdWeb|Any CPU.ActiveCfg = ProdWeb|Any CPU
		{725285AA-C08C-49CE-825D-F9EC7DD4354E}.ProdWeb|Any CPU.Build.0 = ProdWeb|Any CPU
		{725285AA-C08C-49CE-825D-F9EC7DD4354E}.ProdWeb|x86.ActiveCfg = ProdWeb|x86
		{725285AA-C08C-49CE-825D-F9EC7DD4354E}.ProdWeb|x86.Build.0 = ProdWeb|x86
		{725285AA-C08C-49CE-825D-F9EC7DD4354E}.Release|Any CPU.ActiveCfg = Release|Any CPU
		{725285AA-C08C-49CE-825D-F9EC7DD4354E}.Release|Any CPU.Build.0 = Release|Any CPU
		{725285AA-C08C-49CE-825D-F9EC7DD4354E}.Release|x86.ActiveCfg = Release|x86
		{725285AA-C08C-49CE-825D-F9EC7DD4354E}.Release|x86.Build.0 = Release|x86
		{725285AA-C08C-49CE-825D-F9EC7DD4354E}.ReleaseD|Any CPU.ActiveCfg = ReleaseD|Any CPU
		{725285AA-C08C-49CE-825D-F9EC7DD4354E}.ReleaseD|Any CPU.Build.0 = ReleaseD|Any CPU
		{725285AA-C08C-49CE-825D-F9EC7DD4354E}.ReleaseD|x86.ActiveCfg = ReleaseD|x86
		{725285AA-C08C-49CE-825D-F9EC7DD4354E}.ReleaseD|x86.Build.0 = ReleaseD|x86
		{725285AA-C08C-49CE-825D-F9EC7DD4354E}.ReleaseL|Any CPU.ActiveCfg = ReleaseL|Any CPU
		{725285AA-C08C-49CE-825D-F9EC7DD4354E}.ReleaseL|Any CPU.Build.0 = ReleaseL|Any CPU
		{725285AA-C08C-49CE-825D-F9EC7DD4354E}.ReleaseL|x86.ActiveCfg = ReleaseL|x86
		{725285AA-C08C-49CE-825D-F9EC7DD4354E}.ReleaseL|x86.Build.0 = ReleaseL|x86
		{725285AA-C08C-49CE-825D-F9EC7DD4354E}.ReleaseToto15|Any CPU.ActiveCfg = ReleaseToto15|Any CPU
		{725285AA-C08C-49CE-825D-F9EC7DD4354E}.ReleaseToto15|Any CPU.Build.0 = ReleaseToto15|Any CPU
		{725285AA-C08C-49CE-825D-F9EC7DD4354E}.ReleaseToto15|x86.ActiveCfg = ReleaseToto15|x86
		{725285AA-C08C-49CE-825D-F9EC7DD4354E}.ReleaseToto15|x86.Build.0 = ReleaseToto15|x86
		{725285AA-C08C-49CE-825D-F9EC7DD4354E}.ReleaseTotoCF|Any CPU.ActiveCfg = ReleaseTotoCF|Any CPU
		{725285AA-C08C-49CE-825D-F9EC7DD4354E}.ReleaseTotoCF|Any CPU.Build.0 = ReleaseTotoCF|Any CPU
		{725285AA-C08C-49CE-825D-F9EC7DD4354E}.ReleaseTotoCF|x86.ActiveCfg = ReleaseTotoCF|x86
		{725285AA-C08C-49CE-825D-F9EC7DD4354E}.ReleaseTotoCF|x86.Build.0 = ReleaseTotoCF|x86
		{725285AA-C08C-49CE-825D-F9EC7DD4354E}.SharedRead|Any CPU.ActiveCfg = SharedRead|Any CPU
		{725285AA-C08C-49CE-825D-F9EC7DD4354E}.SharedRead|Any CPU.Build.0 = SharedRead|Any CPU
		{725285AA-C08C-49CE-825D-F9EC7DD4354E}.SharedRead|x86.ActiveCfg = SharedRead|x86
		{725285AA-C08C-49CE-825D-F9EC7DD4354E}.SharedRead|x86.Build.0 = SharedRead|x86
		{725285AA-C08C-49CE-825D-F9EC7DD4354E}.SuperLotto|Any CPU.ActiveCfg = SuperLotto|Any CPU
		{725285AA-C08C-49CE-825D-F9EC7DD4354E}.SuperLotto|Any CPU.Build.0 = SuperLotto|Any CPU
		{725285AA-C08C-49CE-825D-F9EC7DD4354E}.SuperLotto|x86.ActiveCfg = SuperLotto|x86
		{725285AA-C08C-49CE-825D-F9EC7DD4354E}.SuperLotto|x86.Build.0 = SuperLotto|x86
		{725285AA-C08C-49CE-825D-F9EC7DD4354E}.Test|Any CPU.ActiveCfg = Test|Any CPU
		{725285AA-C08C-49CE-825D-F9EC7DD4354E}.Test|Any CPU.Build.0 = Test|Any CPU
		{725285AA-C08C-49CE-825D-F9EC7DD4354E}.Test|x86.ActiveCfg = Test|x86
		{725285AA-C08C-49CE-825D-F9EC7DD4354E}.Test|x86.Build.0 = Test|x86
		{725285AA-C08C-49CE-825D-F9EC7DD4354E}.TestProd|Any CPU.ActiveCfg = TestProd|Any CPU
		{725285AA-C08C-49CE-825D-F9EC7DD4354E}.TestProd|Any CPU.Build.0 = TestProd|Any CPU
		{725285AA-C08C-49CE-825D-F9EC7DD4354E}.TestProd|x86.ActiveCfg = TestProd|x86
		{725285AA-C08C-49CE-825D-F9EC7DD4354E}.TestProd|x86.Build.0 = TestProd|x86
		{725285AA-C08C-49CE-825D-F9EC7DD4354E}.TestTelegram|Any CPU.ActiveCfg = TestTelegram|Any CPU
		{725285AA-C08C-49CE-825D-F9EC7DD4354E}.TestTelegram|Any CPU.Build.0 = TestTelegram|Any CPU
		{725285AA-C08C-49CE-825D-F9EC7DD4354E}.TestTelegram|x86.ActiveCfg = TestTelegram|x86
		{725285AA-C08C-49CE-825D-F9EC7DD4354E}.TestTelegram|x86.Build.0 = TestTelegram|x86
		{725285AA-C08C-49CE-825D-F9EC7DD4354E}.TestWeb|Any CPU.ActiveCfg = TestWeb|Any CPU
		{725285AA-C08C-49CE-825D-F9EC7DD4354E}.TestWeb|Any CPU.Build.0 = TestWeb|Any CPU
		{725285AA-C08C-49CE-825D-F9EC7DD4354E}.TestWeb|x86.ActiveCfg = TestWeb|x86
		{725285AA-C08C-49CE-825D-F9EC7DD4354E}.TestWeb|x86.Build.0 = TestWeb|x86
		{725285AA-C08C-49CE-825D-F9EC7DD4354E}.VivaroSlots|Any CPU.ActiveCfg = VivaroSlots|Any CPU
		{725285AA-C08C-49CE-825D-F9EC7DD4354E}.VivaroSlots|Any CPU.Build.0 = VivaroSlots|Any CPU
		{725285AA-C08C-49CE-825D-F9EC7DD4354E}.VivaroSlots|x86.ActiveCfg = VivaroSlots|x86
		{725285AA-C08C-49CE-825D-F9EC7DD4354E}.VivaroSlots|x86.Build.0 = VivaroSlots|x86
		{725285AA-C08C-49CE-825D-F9EC7DD4354E}.Zero|Any CPU.ActiveCfg = Zero|Any CPU
		{725285AA-C08C-49CE-825D-F9EC7DD4354E}.Zero|Any CPU.Build.0 = Zero|Any CPU
		{725285AA-C08C-49CE-825D-F9EC7DD4354E}.Zero|x86.ActiveCfg = Zero|x86
		{725285AA-C08C-49CE-825D-F9EC7DD4354E}.Zero|x86.Build.0 = Zero|x86
		{3EB865A8-4AEE-4720-BA27-B3C7CA76A183}.Bears|Any CPU.ActiveCfg = Release|Any CPU
		{3EB865A8-4AEE-4720-BA27-B3C7CA76A183}.Bears|Any CPU.Build.0 = Release|Any CPU
		{3EB865A8-4AEE-4720-BA27-B3C7CA76A183}.Bears|x86.ActiveCfg = Release|Any CPU
		{3EB865A8-4AEE-4720-BA27-B3C7CA76A183}.Bears|x86.Build.0 = Release|Any CPU
		{3EB865A8-4AEE-4720-BA27-B3C7CA76A183}.Bulls|Any CPU.ActiveCfg = Release|Any CPU
		{3EB865A8-4AEE-4720-BA27-B3C7CA76A183}.Bulls|Any CPU.Build.0 = Release|Any CPU
		{3EB865A8-4AEE-4720-BA27-B3C7CA76A183}.Bulls|x86.ActiveCfg = Release|Any CPU
		{3EB865A8-4AEE-4720-BA27-B3C7CA76A183}.Bulls|x86.Build.0 = Release|Any CPU
		{3EB865A8-4AEE-4720-BA27-B3C7CA76A183}.CorrectionParser|Any CPU.ActiveCfg = Release|Any CPU
		{3EB865A8-4AEE-4720-BA27-B3C7CA76A183}.CorrectionParser|Any CPU.Build.0 = Release|Any CPU
		{3EB865A8-4AEE-4720-BA27-B3C7CA76A183}.CorrectionParser|x86.ActiveCfg = Release|Any CPU
		{3EB865A8-4AEE-4720-BA27-B3C7CA76A183}.CorrectionParser|x86.Build.0 = Release|Any CPU
		{3EB865A8-4AEE-4720-BA27-B3C7CA76A183}.Cyber|Any CPU.ActiveCfg = Release|Any CPU
		{3EB865A8-4AEE-4720-BA27-B3C7CA76A183}.Cyber|Any CPU.Build.0 = Release|Any CPU
		{3EB865A8-4AEE-4720-BA27-B3C7CA76A183}.Cyber|x86.ActiveCfg = Release|Any CPU
		{3EB865A8-4AEE-4720-BA27-B3C7CA76A183}.Cyber|x86.Build.0 = Release|Any CPU
		{3EB865A8-4AEE-4720-BA27-B3C7CA76A183}.Debug|Any CPU.ActiveCfg = Debug|Any CPU
		{3EB865A8-4AEE-4720-BA27-B3C7CA76A183}.Debug|Any CPU.Build.0 = Debug|Any CPU
		{3EB865A8-4AEE-4720-BA27-B3C7CA76A183}.Debug|x86.ActiveCfg = Debug|Any CPU
		{3EB865A8-4AEE-4720-BA27-B3C7CA76A183}.Debug|x86.Build.0 = Debug|Any CPU
		{3EB865A8-4AEE-4720-BA27-B3C7CA76A183}.DebugToto15|Any CPU.ActiveCfg = Debug|Any CPU
		{3EB865A8-4AEE-4720-BA27-B3C7CA76A183}.DebugToto15|Any CPU.Build.0 = Debug|Any CPU
		{3EB865A8-4AEE-4720-BA27-B3C7CA76A183}.DebugToto15|x86.ActiveCfg = Debug|Any CPU
		{3EB865A8-4AEE-4720-BA27-B3C7CA76A183}.DebugToto15|x86.Build.0 = Debug|Any CPU
		{3EB865A8-4AEE-4720-BA27-B3C7CA76A183}.DebugTotoCF|Any CPU.ActiveCfg = Debug|Any CPU
		{3EB865A8-4AEE-4720-BA27-B3C7CA76A183}.DebugTotoCF|Any CPU.Build.0 = Debug|Any CPU
		{3EB865A8-4AEE-4720-BA27-B3C7CA76A183}.DebugTotoCF|x86.ActiveCfg = Debug|Any CPU
		{3EB865A8-4AEE-4720-BA27-B3C7CA76A183}.DebugTotoCF|x86.Build.0 = Debug|Any CPU
		{3EB865A8-4AEE-4720-BA27-B3C7CA76A183}.GRCash|Any CPU.ActiveCfg = Release|Any CPU
		{3EB865A8-4AEE-4720-BA27-B3C7CA76A183}.GRCash|Any CPU.Build.0 = Release|Any CPU
		{3EB865A8-4AEE-4720-BA27-B3C7CA76A183}.GRCash|x86.ActiveCfg = Release|Any CPU
		{3EB865A8-4AEE-4720-BA27-B3C7CA76A183}.GRCash|x86.Build.0 = Release|Any CPU
		{3EB865A8-4AEE-4720-BA27-B3C7CA76A183}.ProdTelegram|Any CPU.ActiveCfg = Release|Any CPU
		{3EB865A8-4AEE-4720-BA27-B3C7CA76A183}.ProdTelegram|Any CPU.Build.0 = Release|Any CPU
		{3EB865A8-4AEE-4720-BA27-B3C7CA76A183}.ProdTelegram|x86.ActiveCfg = Release|Any CPU
		{3EB865A8-4AEE-4720-BA27-B3C7CA76A183}.ProdTelegram|x86.Build.0 = Release|Any CPU
		{3EB865A8-4AEE-4720-BA27-B3C7CA76A183}.ProdWeb|Any CPU.ActiveCfg = Release|Any CPU
		{3EB865A8-4AEE-4720-BA27-B3C7CA76A183}.ProdWeb|Any CPU.Build.0 = Release|Any CPU
		{3EB865A8-4AEE-4720-BA27-B3C7CA76A183}.ProdWeb|x86.ActiveCfg = Release|Any CPU
		{3EB865A8-4AEE-4720-BA27-B3C7CA76A183}.ProdWeb|x86.Build.0 = Release|Any CPU
		{3EB865A8-4AEE-4720-BA27-B3C7CA76A183}.Release|Any CPU.ActiveCfg = Release|Any CPU
		{3EB865A8-4AEE-4720-BA27-B3C7CA76A183}.Release|Any CPU.Build.0 = Release|Any CPU
		{3EB865A8-4AEE-4720-BA27-B3C7CA76A183}.Release|x86.ActiveCfg = Release|Any CPU
		{3EB865A8-4AEE-4720-BA27-B3C7CA76A183}.Release|x86.Build.0 = Release|Any CPU
		{3EB865A8-4AEE-4720-BA27-B3C7CA76A183}.ReleaseD|Any CPU.ActiveCfg = Release|Any CPU
		{3EB865A8-4AEE-4720-BA27-B3C7CA76A183}.ReleaseD|Any CPU.Build.0 = Release|Any CPU
		{3EB865A8-4AEE-4720-BA27-B3C7CA76A183}.ReleaseD|x86.ActiveCfg = Release|Any CPU
		{3EB865A8-4AEE-4720-BA27-B3C7CA76A183}.ReleaseD|x86.Build.0 = Release|Any CPU
		{3EB865A8-4AEE-4720-BA27-B3C7CA76A183}.ReleaseL|Any CPU.ActiveCfg = Release|Any CPU
		{3EB865A8-4AEE-4720-BA27-B3C7CA76A183}.ReleaseL|Any CPU.Build.0 = Release|Any CPU
		{3EB865A8-4AEE-4720-BA27-B3C7CA76A183}.ReleaseL|x86.ActiveCfg = Release|Any CPU
		{3EB865A8-4AEE-4720-BA27-B3C7CA76A183}.ReleaseL|x86.Build.0 = Release|Any CPU
		{3EB865A8-4AEE-4720-BA27-B3C7CA76A183}.ReleaseToto15|Any CPU.ActiveCfg = Release|Any CPU
		{3EB865A8-4AEE-4720-BA27-B3C7CA76A183}.ReleaseToto15|Any CPU.Build.0 = Release|Any CPU
		{3EB865A8-4AEE-4720-BA27-B3C7CA76A183}.ReleaseToto15|x86.ActiveCfg = Release|Any CPU
		{3EB865A8-4AEE-4720-BA27-B3C7CA76A183}.ReleaseToto15|x86.Build.0 = Release|Any CPU
		{3EB865A8-4AEE-4720-BA27-B3C7CA76A183}.ReleaseTotoCF|Any CPU.ActiveCfg = Release|Any CPU
		{3EB865A8-4AEE-4720-BA27-B3C7CA76A183}.ReleaseTotoCF|Any CPU.Build.0 = Release|Any CPU
		{3EB865A8-4AEE-4720-BA27-B3C7CA76A183}.ReleaseTotoCF|x86.ActiveCfg = Release|Any CPU
		{3EB865A8-4AEE-4720-BA27-B3C7CA76A183}.ReleaseTotoCF|x86.Build.0 = Release|Any CPU
		{3EB865A8-4AEE-4720-BA27-B3C7CA76A183}.SharedRead|Any CPU.ActiveCfg = Release|Any CPU
		{3EB865A8-4AEE-4720-BA27-B3C7CA76A183}.SharedRead|Any CPU.Build.0 = Release|Any CPU
		{3EB865A8-4AEE-4720-BA27-B3C7CA76A183}.SharedRead|x86.ActiveCfg = Release|Any CPU
		{3EB865A8-4AEE-4720-BA27-B3C7CA76A183}.SharedRead|x86.Build.0 = Release|Any CPU
		{3EB865A8-4AEE-4720-BA27-B3C7CA76A183}.SuperLotto|Any CPU.ActiveCfg = Release|Any CPU
		{3EB865A8-4AEE-4720-BA27-B3C7CA76A183}.SuperLotto|Any CPU.Build.0 = Release|Any CPU
		{3EB865A8-4AEE-4720-BA27-B3C7CA76A183}.SuperLotto|x86.ActiveCfg = Release|Any CPU
		{3EB865A8-4AEE-4720-BA27-B3C7CA76A183}.SuperLotto|x86.Build.0 = Release|Any CPU
		{3EB865A8-4AEE-4720-BA27-B3C7CA76A183}.Test|Any CPU.ActiveCfg = Release|Any CPU
		{3EB865A8-4AEE-4720-BA27-B3C7CA76A183}.Test|Any CPU.Build.0 = Release|Any CPU
		{3EB865A8-4AEE-4720-BA27-B3C7CA76A183}.Test|x86.ActiveCfg = Release|Any CPU
		{3EB865A8-4AEE-4720-BA27-B3C7CA76A183}.Test|x86.Build.0 = Release|Any CPU
		{3EB865A8-4AEE-4720-BA27-B3C7CA76A183}.TestProd|Any CPU.ActiveCfg = Release|Any CPU
		{3EB865A8-4AEE-4720-BA27-B3C7CA76A183}.TestProd|Any CPU.Build.0 = Release|Any CPU
		{3EB865A8-4AEE-4720-BA27-B3C7CA76A183}.TestProd|x86.ActiveCfg = Release|Any CPU
		{3EB865A8-4AEE-4720-BA27-B3C7CA76A183}.TestProd|x86.Build.0 = Release|Any CPU
		{3EB865A8-4AEE-4720-BA27-B3C7CA76A183}.TestTelegram|Any CPU.ActiveCfg = Release|Any CPU
		{3EB865A8-4AEE-4720-BA27-B3C7CA76A183}.TestTelegram|Any CPU.Build.0 = Release|Any CPU
		{3EB865A8-4AEE-4720-BA27-B3C7CA76A183}.TestTelegram|x86.ActiveCfg = Release|Any CPU
		{3EB865A8-4AEE-4720-BA27-B3C7CA76A183}.TestTelegram|x86.Build.0 = Release|Any CPU
		{3EB865A8-4AEE-4720-BA27-B3C7CA76A183}.TestWeb|Any CPU.ActiveCfg = Release|Any CPU
		{3EB865A8-4AEE-4720-BA27-B3C7CA76A183}.TestWeb|Any CPU.Build.0 = Release|Any CPU
		{3EB865A8-4AEE-4720-BA27-B3C7CA76A183}.TestWeb|x86.ActiveCfg = Release|Any CPU
		{3EB865A8-4AEE-4720-BA27-B3C7CA76A183}.TestWeb|x86.Build.0 = Release|Any CPU
		{3EB865A8-4AEE-4720-BA27-B3C7CA76A183}.VivaroSlots|Any CPU.ActiveCfg = Release|Any CPU
		{3EB865A8-4AEE-4720-BA27-B3C7CA76A183}.VivaroSlots|Any CPU.Build.0 = Release|Any CPU
		{3EB865A8-4AEE-4720-BA27-B3C7CA76A183}.VivaroSlots|x86.ActiveCfg = Release|Any CPU
		{3EB865A8-4AEE-4720-BA27-B3C7CA76A183}.VivaroSlots|x86.Build.0 = Release|Any CPU
		{3EB865A8-4AEE-4720-BA27-B3C7CA76A183}.Zero|Any CPU.ActiveCfg = Release|Any CPU
		{3EB865A8-4AEE-4720-BA27-B3C7CA76A183}.Zero|Any CPU.Build.0 = Release|Any CPU
		{3EB865A8-4AEE-4720-BA27-B3C7CA76A183}.Zero|x86.ActiveCfg = Release|Any CPU
		{3EB865A8-4AEE-4720-BA27-B3C7CA76A183}.Zero|x86.Build.0 = Release|Any CPU
	EndGlobalSection
	GlobalSection(SolutionProperties) = preSolution
		HideSolutionNode = FALSE
	EndGlobalSection
EndGlobal
